PODS:
  - libwebp (1.3.2):
    - libwebp/demux (= 1.3.2)
    - libwebp/mux (= 1.3.2)
    - libwebp/sharpyuv (= 1.3.2)
    - libwebp/webp (= 1.3.2)
  - libwebp/demux (1.3.2):
    - libwebp/webp
  - libwebp/mux (1.3.2):
    - libwebp/demux
  - libwebp/sharpyuv (1.3.2)
  - libwebp/webp (1.3.2):
    - libwebp/sharpyuv
  - SDWebImage (5.20.0):
    - SDWebImage/Core (= 5.20.0)
  - SDWebImage/Core (5.20.0)
  - SDWebImageWebPCoder (0.14.6):
    - libwebp (~> 1.0)
    - SDWebImage/Core (~> 5.17)
  - shared (1.0):
    - SDWebImage
    - SDWebImageWebPCoder
    - TOCropViewController
  - TOCropViewController (2.7.4)

DEPENDENCIES:
  - SDWebImage
  - SDWebImageWebPCoder
  - shared (from `../shared`)

SPEC REPOS:
  trunk:
    - libwebp
    - SDWebImage
    - SDWebImageWebPCoder
    - TOCropViewController

EXTERNAL SOURCES:
  shared:
    :path: "../shared"

SPEC CHECKSUMS:
  libwebp: 1786c9f4ff8a279e4dac1e8f385004d5fc253009
  SDWebImage: 73c6079366fea25fa4bb9640d5fb58f0893facd8
  SDWebImageWebPCoder: e38c0a70396191361d60c092933e22c20d5b1380
  shared: 37927ec9860890365242573f987c847e95fddd13
  TOCropViewController: 80b8985ad794298fb69d3341de183f33d1853654

PODFILE CHECKSUM: c8aa35fa9a52f628df8ac59788e85d4ca7c0fff6

COCOAPODS: 1.16.2
